# This file is automatically @generated by Poetry 1.8.5 and should not be changed by hand.

[[package]]
name = "aiohttp"
version = "3.5.3"
description = "Async http client/server framework (asyncio)"
optional = false
python-versions = ">=3.5.3"
files = [
    {file = "aiohttp-3.5.3-cp35-cp35m-macosx_10_10_x86_64.whl", hash = "sha256:632d4d14f81febec236e5f11c822f7b984930dc3327dcdf163fa893e574cc78a"},
    {file = "aiohttp-3.5.3-cp35-cp35m-macosx_10_11_x86_64.whl", hash = "sha256:f14d8a6f6cf5e3b680a7c498c17df2a9383ee2a3c8f1b7cc0742cb7952ec62a5"},
    {file = "aiohttp-3.5.3-cp35-cp35m-macosx_10_13_x86_64.whl", hash = "sha256:2bdae1298716279577fd76a6f71ab4dd696eecf12c11f70a33da114a46c47224"},
    {file = "aiohttp-3.5.3-cp35-cp35m-manylinux1_i686.whl", hash = "sha256:c959eac80233fa3181ebc4a5da4563ad27975ff8294a2b331972b401e261c95d"},
    {file = "aiohttp-3.5.3-cp35-cp35m-manylinux1_x86_64.whl", hash = "sha256:dd64eb7cc9c1bd5502085b53ccbd256662151cfd8d287350c00d3e05ab731649"},
    {file = "aiohttp-3.5.3-cp35-cp35m-win32.whl", hash = "sha256:f86d74127d160530a8f10d16388ad5d7ebdb92619c70f9d5758571b6b673fb8d"},
    {file = "aiohttp-3.5.3-cp35-cp35m-win_amd64.whl", hash = "sha256:ab479a60b73a9986495653309572de4e70fd73319ccc06f32fe777486af346a6"},
    {file = "aiohttp-3.5.3-cp36-cp36m-macosx_10_10_x86_64.whl", hash = "sha256:e83ef478bf81d53086798bbe262dcfa46b068f92b590cc2b6f116be1736340ac"},
    {file = "aiohttp-3.5.3-cp36-cp36m-macosx_10_11_x86_64.whl", hash = "sha256:3c9340aba607652fcb776be7bbad8f03f780d3c0131230d2bda59901e0fc194f"},
    {file = "aiohttp-3.5.3-cp36-cp36m-macosx_10_13_x86_64.whl", hash = "sha256:872d87583baa384bf4e8d99a517d9a1b94264eca3b91d3899448c57c60a0e582"},
    {file = "aiohttp-3.5.3-cp36-cp36m-manylinux1_i686.whl", hash = "sha256:4d2870e1caa6a14fdfb75b5b2ad513177247fae178224e36a5b4e16e24cb8cb2"},
    {file = "aiohttp-3.5.3-cp36-cp36m-manylinux1_x86_64.whl", hash = "sha256:5208115f302b84bc7de6e9e64dbb931694102d2b6b9137430992a1e061bfe964"},
    {file = "aiohttp-3.5.3-cp36-cp36m-win32.whl", hash = "sha256:98c4cf50a9dea93e7241ee481593ad3a906399c017402ad183a6391aa959b6b5"},
    {file = "aiohttp-3.5.3-cp36-cp36m-win_amd64.whl", hash = "sha256:2e8a27e0b2ae1835a01302497178f2c512efc1e8b248aa3253e89e361dd2bb81"},
    {file = "aiohttp-3.5.3-cp37-cp37m-macosx_10_10_x86_64.whl", hash = "sha256:1594b5e9f3c566c708b16f84b9c4e7f614d44bb3cad31e1a56222817de53c13d"},
    {file = "aiohttp-3.5.3-cp37-cp37m-macosx_10_11_x86_64.whl", hash = "sha256:585972c1636f432ac579ebbd548792416967d7aca863495544b22ab58824e63f"},
    {file = "aiohttp-3.5.3-cp37-cp37m-macosx_10_13_x86_64.whl", hash = "sha256:f84d4152d6e8f6ee2e768ceed8b62a1f3d65747599a475cfb82214eda7531403"},
    {file = "aiohttp-3.5.3-cp37-cp37m-manylinux1_i686.whl", hash = "sha256:00085baa76d8436991475af85c1384878399cc07cbb7260ec35197c051269ea4"},
    {file = "aiohttp-3.5.3-cp37-cp37m-manylinux1_x86_64.whl", hash = "sha256:70fe62a0291166320fc85dbae2634a24acc652b8bf11d0f91004a53361ad677e"},
    {file = "aiohttp-3.5.3-cp37-cp37m-win32.whl", hash = "sha256:2e38f05245a953b5ae9961a947ba01be6fd2e5e7af9485eef488b80b894c2e68"},
    {file = "aiohttp-3.5.3-cp37-cp37m-win_amd64.whl", hash = "sha256:62c38a2b0633271cc1ba7e8436e42bc3805428c34c4a57fe319f1c1c2be1b830"},
    {file = "aiohttp-3.5.3.tar.gz", hash = "sha256:7967b760d0e96eb7ac6b20a9143112ce5c03a00b4f74d8a5ee66c8e88e6b6800"},
]

[package.dependencies]
async-timeout = ">=3.0,<4.0"
attrs = ">=17.3.0"
chardet = ">=2.0,<4.0"
multidict = ">=4.0,<5.0"
yarl = ">=1.0,<2.0"

[package.extras]
speedups = ["aiodns", "brotlipy", "cchardet"]

[[package]]
name = "aiohttp-jinja2"
version = "1.1.0"
description = "jinja2 template renderer for aiohttp.web (http server for asyncio)"
optional = false
python-versions = ">=3.5.3"
files = [
    {file = "aiohttp-jinja2-1.1.0.tar.gz", hash = "sha256:aef9b6595f962182ad00c990095fb51d731c280e1d183e2b28cf0bdb5a942d0c"},
    {file = "aiohttp_jinja2-1.1.0-py3-none-any.whl", hash = "sha256:dc9ed2914eb565b4dd00afb6acec9838594973ec3943088d9ee93fb5a2c12120"},
]

[package.dependencies]
aiohttp = ">=3.2.0"
jinja2 = ">=2.7"

[[package]]
name = "aiohttp-session"
version = "2.7.0"
description = "sessions for aiohttp.web"
optional = false
python-versions = ">=3.5"
files = [
    {file = "aiohttp-session-2.7.0.tar.gz", hash = "sha256:18ae740845214086f783574edfee1bac36862332bd11d561e048b079d8f6ad34"},
    {file = "aiohttp_session-2.7.0-py3-none-any.whl", hash = "sha256:ce50f52d530455084d57fa56976a3cbdd43588e41750577bdf301d313f5a2c8f"},
]

[package.dependencies]
aiohttp = ">=3.0.1"

[package.extras]
aiomcache = ["aiomcache (>=0.5.2)"]
aioredis = ["aioredis (>=1.0.0)"]
pycrypto = ["cryptography"]
pynacl = ["pynacl"]
secure = ["cryptography"]

[[package]]
name = "aiopg"
version = "0.15.0"
description = "Postgres integration with asyncio."
optional = false
python-versions = "*"
files = [
    {file = "aiopg-0.15.0-py3-none-any.whl", hash = "sha256:509d4a1ad9fa1af5dca6d547b759a8cbcfd70d6cedd0737cb3ff4ccfec812ea2"},
    {file = "aiopg-0.15.0.tar.gz", hash = "sha256:2fa57bee0b7b8422408a79de085c3423e0b0633be3a0046b66a53594bf69a837"},
]

[package.dependencies]
psycopg2 = ">=2.7.0"

[package.extras]
sa = ["sqlalchemy (>=1.1)"]

[[package]]
name = "aioredis"
version = "1.2.0"
description = "asyncio (PEP 3156) Redis support"
optional = false
python-versions = "*"
files = [
    {file = "aioredis-1.2.0-py3-none-any.whl", hash = "sha256:aee16aa5cb3f636cf8fa0e2b62d2f6abc90366e19b5c30e94a5471d834a55975"},
    {file = "aioredis-1.2.0.tar.gz", hash = "sha256:84d62be729beb87118cf126c20b0e3f52d7a42bb7373dc5bcdd874f26f1f251a"},
]

[package.dependencies]
async-timeout = "*"
hiredis = "*"

[[package]]
name = "async-timeout"
version = "3.0.1"
description = "Timeout context manager for asyncio programs"
optional = false
python-versions = ">=3.5.3"
files = [
    {file = "async-timeout-3.0.1.tar.gz", hash = "sha256:0c3c816a028d47f659d6ff5c745cb2acf1f966da1fe5c19c77a70282b25f4c5f"},
    {file = "async_timeout-3.0.1-py3-none-any.whl", hash = "sha256:4291ca197d287d274d0b6cb5d6f8f8f82d434ed288f962539ff18cc9012f9ea3"},
]

[[package]]
name = "attrs"
version = "18.2.0"
description = "Classes Without Boilerplate"
optional = false
python-versions = "*"
files = [
    {file = "attrs-18.2.0-py2.py3-none-any.whl", hash = "sha256:ca4be454458f9dec299268d472aaa5a11f67a4ff70093396e1ceae9c76cf4bbb"},
    {file = "attrs-18.2.0.tar.gz", hash = "sha256:10cbf6e27dbce8c30807caf056c8eb50917e0eaafe86347671b57254006c3e69"},
]

[package.extras]
dev = ["coverage", "hypothesis", "pre-commit", "pympler", "pytest", "six", "sphinx", "zope.interface", "zope.interface"]
docs = ["sphinx", "zope.interface"]
tests = ["coverage", "hypothesis", "pympler", "pytest", "six", "zope.interface"]

[[package]]
name = "chardet"
version = "3.0.4"
description = "Universal encoding detector for Python 2 and 3"
optional = false
python-versions = "*"
files = [
    {file = "chardet-3.0.4-py2.py3-none-any.whl", hash = "sha256:fc323ffcaeaed0e0a02bf4d117757b98aed530d9ed4531e3e15460124c106691"},
    {file = "chardet-3.0.4.tar.gz", hash = "sha256:84ab92ed1c4d4f16916e05906b6b75a6c0fb5db821cc65e70cbd64a3e2a5eaae"},
]

[[package]]
name = "hiredis"
version = "0.3.1"
description = "Python wrapper for hiredis"
optional = false
python-versions = ">=2.6, !=3.0.*, !=3.1.*"
files = [
    {file = "hiredis-0.3.1-cp27-cp27m-macosx_10_6_intel.whl", hash = "sha256:09f2d7bc980b2d1f402b39d4cc7841988493cf06580fd4b3120cbcf8a73402e5"},
    {file = "hiredis-0.3.1-cp27-cp27m-manylinux1_i686.whl", hash = "sha256:691e5c4efca2cf974ed24414af4d32c91bbf7650353504da918e0c29ad171d8b"},
    {file = "hiredis-0.3.1-cp27-cp27m-manylinux1_x86_64.whl", hash = "sha256:79742f23dbb6a8dcf8b857ced49e81f872a792f587a98f0a4fe620a175eb8b70"},
    {file = "hiredis-0.3.1-cp27-cp27m-win32.whl", hash = "sha256:fb8b80d2fb45857fd19d04387e4207412124e470c3b5d4d3568a6d9b74a72e99"},
    {file = "hiredis-0.3.1-cp27-cp27m-win_amd64.whl", hash = "sha256:e68638e460e95a68dbcef6f78be8210f4405eac020f10ee52cafee54084d3699"},
    {file = "hiredis-0.3.1-cp27-cp27mu-manylinux1_i686.whl", hash = "sha256:bdd78231aac38eadd00112c6eb8f6862ce9264a397602cd7eb6fe47e1c7273ba"},
    {file = "hiredis-0.3.1-cp27-cp27mu-manylinux1_x86_64.whl", hash = "sha256:1875ca8a843efd3220e1a39c0e754847030b7fd8ff4102c23d7ab7c791ccf0c2"},
    {file = "hiredis-0.3.1-cp34-cp34m-macosx_10_6_intel.whl", hash = "sha256:098d0c767115fb2ffee4f142d76ad86785829ef22b07a0ce2d289eef78186705"},
    {file = "hiredis-0.3.1-cp34-cp34m-manylinux1_i686.whl", hash = "sha256:726e546d6b2133787b6c690176ed54d969f5c90f5bda650c5cbaa44bf18e4507"},
    {file = "hiredis-0.3.1-cp34-cp34m-manylinux1_x86_64.whl", hash = "sha256:2014924fb557541ee239e5035ddf8c4c03b166a0d6f45b265b1cad867091a617"},
    {file = "hiredis-0.3.1-cp34-cp34m-win32.whl", hash = "sha256:66344a5bdf19b39ba3c00101663806ef92fd75b1451a2f3f33ca73352fabaa01"},
    {file = "hiredis-0.3.1-cp34-cp34m-win_amd64.whl", hash = "sha256:ffe6d9bc7f3637d962eb4706a2908ba4064ec997beb99540bb385a0f7d7fe39a"},
    {file = "hiredis-0.3.1-cp35-cp35m-macosx_10_6_intel.whl", hash = "sha256:c6a7ab327dd01d77096f60bfaff1d0d5386960190fbd8a846ec8daafd529e0e3"},
    {file = "hiredis-0.3.1-cp35-cp35m-manylinux1_i686.whl", hash = "sha256:d8222d09da762891d4ef39374b1f2318da0ba02faf609d254438672892155eee"},
    {file = "hiredis-0.3.1-cp35-cp35m-manylinux1_x86_64.whl", hash = "sha256:602f667281cedf0e21c8648aaf72e70d6a0ccf7ee274b4bc9ea6aa889f27b66c"},
    {file = "hiredis-0.3.1-cp35-cp35m-win32.whl", hash = "sha256:dac079ff66c2d1c56f62f0a9b0a7a01784ad7b9eb136b9a931f7ab57463e70de"},
    {file = "hiredis-0.3.1-cp35-cp35m-win_amd64.whl", hash = "sha256:ae104a4a622320e0174fb82874d383b6b5fef0e3a38375695e01300107cc3e67"},
    {file = "hiredis-0.3.1-cp36-cp36m-macosx_10_6_intel.whl", hash = "sha256:4c0f4f3c94f4c9071e3f58546d05757a9e2e49e64769395963238548807ecd22"},
    {file = "hiredis-0.3.1-cp36-cp36m-manylinux1_i686.whl", hash = "sha256:73227ed9d34648eae694cf3b4683840ea0e7dace682dcf3f1f732b42f9f0631c"},
    {file = "hiredis-0.3.1-cp36-cp36m-manylinux1_x86_64.whl", hash = "sha256:736a30992ede64b79989869e1a068fec93405dac71d87a316f22ee72e75cb6a5"},
    {file = "hiredis-0.3.1-cp36-cp36m-win32.whl", hash = "sha256:28c9da46e2f51d9a3b59dbf42e41278c979413bc0067a119fd51cf28a2f36379"},
    {file = "hiredis-0.3.1-cp36-cp36m-win_amd64.whl", hash = "sha256:cac4abfbd42d3bb7a363c51752f909645559617e3cbd2c9fd175159cd8bbc102"},
    {file = "hiredis-0.3.1-cp37-cp37m-macosx_10_6_intel.whl", hash = "sha256:cf216d6fbacef0a20d23755d2d453dc6672ba5fd2b0cf76c548f4f620fce2cfe"},
    {file = "hiredis-0.3.1-cp37-cp37m-manylinux1_i686.whl", hash = "sha256:69a9d6c742ffd586093def8ac3dd1907907c8396b36af8b0490e9e52f0015e99"},
    {file = "hiredis-0.3.1-cp37-cp37m-manylinux1_x86_64.whl", hash = "sha256:22d814b567774c04459d7ff36979bacc4ada490d316579b3c357cfd949677c30"},
    {file = "hiredis-0.3.1-cp37-cp37m-win32.whl", hash = "sha256:fc3eb53b51acf467ae7d60e92af23dee33b20871d84ce33e6e61b9e00077ff48"},
    {file = "hiredis-0.3.1-cp37-cp37m-win_amd64.whl", hash = "sha256:5ae5dd2d78ec1ea593207fa1c9bdc46da8b1713f038695f83457bc8307243ce2"},
    {file = "hiredis-0.3.1.tar.gz", hash = "sha256:7bf565198d612ad6b19a83b2d65a8e88d2b82608b0c4513c89ecfc25bd1dcce0"},
]

[[package]]
name = "idna"
version = "2.8"
description = "Internationalized Domain Names in Applications (IDNA)"
optional = false
python-versions = ">=2.7, !=3.0.*, !=3.1.*, !=3.2.*, !=3.3.*"
files = [
    {file = "idna-2.8-py2.py3-none-any.whl", hash = "sha256:ea8b7f6188e6fa117537c3df7da9fc686d485087abf6ac197f9c46432f7e4a3c"},
    {file = "idna-2.8.tar.gz", hash = "sha256:c357b3f628cf53ae2c4c05627ecc484553142ca23264e593d327bcde5e9c3407"},
]

[[package]]
name = "jinja2"
version = "2.10"
description = "A small but fast and easy to use stand-alone template engine written in pure python."
optional = false
python-versions = "*"
files = [
    {file = "Jinja2-2.10-py2.py3-none-any.whl", hash = "sha256:74c935a1b8bb9a3947c50a54766a969d4846290e1e788ea44c1392163723c3bd"},
    {file = "Jinja2-2.10.tar.gz", hash = "sha256:f84be1bb0040caca4cea721fcbbbbd61f9be9464ca236387158b0feea01914a4"},
]

[package.dependencies]
MarkupSafe = ">=0.23"

[package.extras]
i18n = ["Babel (>=0.8)"]

[[package]]
name = "markupsafe"
version = "1.1.0"
description = "Safely add untrusted strings to HTML/XML markup."
optional = false
python-versions = ">=2.7,!=3.0.*,!=3.1.*,!=3.2.*,!=3.3.*"
files = [
    {file = "MarkupSafe-1.1.0-cp27-cp27m-macosx_10_6_intel.whl", hash = "sha256:efdc45ef1afc238db84cb4963aa689c0408912a0239b0721cb172b4016eb31d6"},
    {file = "MarkupSafe-1.1.0-cp27-cp27m-manylinux1_i686.whl", hash = "sha256:52ccb45e77a1085ec5461cde794e1aa037df79f473cbc69b974e73940655c8d7"},
    {file = "MarkupSafe-1.1.0-cp27-cp27m-manylinux1_x86_64.whl", hash = "sha256:525396ee324ee2da82919f2ee9c9e73b012f23e7640131dd1b53a90206a0f09c"},
    {file = "MarkupSafe-1.1.0-cp27-cp27m-win32.whl", hash = "sha256:31cbb1359e8c25f9f48e156e59e2eaad51cd5242c05ed18a8de6dbe85184e4b7"},
    {file = "MarkupSafe-1.1.0-cp27-cp27m-win_amd64.whl", hash = "sha256:edce2ea7f3dfc981c4ddc97add8a61381d9642dc3273737e756517cc03e84dd6"},
    {file = "MarkupSafe-1.1.0-cp27-cp27mu-manylinux1_i686.whl", hash = "sha256:5c3fbebd7de20ce93103cb3183b47671f2885307df4a17a0ad56a1dd51273d36"},
    {file = "MarkupSafe-1.1.0-cp27-cp27mu-manylinux1_x86_64.whl", hash = "sha256:f82e347a72f955b7017a39708a3667f106e6ad4d10b25f237396a7115d8ed5fd"},
    {file = "MarkupSafe-1.1.0-cp34-cp34m-macosx_10_6_intel.whl", hash = "sha256:19f637c2ac5ae9da8bfd98cef74d64b7e1bb8a63038a3505cd182c3fac5eb4d9"},
    {file = "MarkupSafe-1.1.0-cp34-cp34m-manylinux1_i686.whl", hash = "sha256:98e439297f78fca3a6169fd330fbe88d78b3bb72f967ad9961bcac0d7fdd1550"},
    {file = "MarkupSafe-1.1.0-cp34-cp34m-manylinux1_x86_64.whl", hash = "sha256:fb7c206e01ad85ce57feeaaa0bf784b97fa3cad0d4a5737bc5295785f5c613a1"},
    {file = "MarkupSafe-1.1.0-cp34-cp34m-win32.whl", hash = "sha256:1fa6058938190ebe8290e5cae6c351e14e7bb44505c4a7624555ce57fbbeba0d"},
    {file = "MarkupSafe-1.1.0-cp34-cp34m-win_amd64.whl", hash = "sha256:e982fe07ede9fada6ff6705af70514a52beb1b2c3d25d4e873e82114cf3c5401"},
    {file = "MarkupSafe-1.1.0-cp35-cp35m-macosx_10_6_intel.whl", hash = "sha256:5e5851969aea17660e55f6a3be00037a25b96a9b44d2083651812c99d53b14d1"},
    {file = "MarkupSafe-1.1.0-cp35-cp35m-manylinux1_i686.whl", hash = "sha256:f137c02498f8b935892d5c0172560d7ab54bc45039de8805075e19079c639a9c"},
    {file = "MarkupSafe-1.1.0-cp35-cp35m-manylinux1_x86_64.whl", hash = "sha256:3e835d8841ae7863f64e40e19477f7eb398674da6a47f09871673742531e6f4b"},
    {file = "MarkupSafe-1.1.0-cp35-cp35m-win32.whl", hash = "sha256:5edfa27b2d3eefa2210fb2f5d539fbed81722b49f083b2c6566455eb7422fd7e"},
    {file = "MarkupSafe-1.1.0-cp35-cp35m-win_amd64.whl", hash = "sha256:857eebb2c1dc60e4219ec8e98dfa19553dae33608237e107db9c6078b1167856"},
    {file = "MarkupSafe-1.1.0-cp36-cp36m-macosx_10_6_intel.whl", hash = "sha256:bf54103892a83c64db58125b3f2a43df6d2cb2d28889f14c78519394feb41492"},
    {file = "MarkupSafe-1.1.0-cp36-cp36m-manylinux1_i686.whl", hash = "sha256:048ef924c1623740e70204aa7143ec592504045ae4429b59c30054cb31e3c432"},
    {file = "MarkupSafe-1.1.0-cp36-cp36m-manylinux1_x86_64.whl", hash = "sha256:83381342bfc22b3c8c06f2dd93a505413888694302de25add756254beee8449c"},
    {file = "MarkupSafe-1.1.0-cp36-cp36m-win32.whl", hash = "sha256:130f844e7f5bdd8e9f3f42e7102ef1d49b2e6fdf0d7526df3f87281a532d8c8b"},
    {file = "MarkupSafe-1.1.0-cp36-cp36m-win_amd64.whl", hash = "sha256:52b07fbc32032c21ad4ab060fec137b76eb804c4b9a1c7c7dc562549306afad2"},
    {file = "MarkupSafe-1.1.0-cp37-cp37m-macosx_10_6_intel.whl", hash = "sha256:1f19ef5d3908110e1e891deefb5586aae1b49a7440db952454b4e281b41620cd"},
    {file = "MarkupSafe-1.1.0-cp37-cp37m-manylinux1_i686.whl", hash = "sha256:1b8a7a87ad1b92bd887568ce54b23565f3fd7018c4180136e1cf412b405a47af"},
    {file = "MarkupSafe-1.1.0-cp37-cp37m-manylinux1_x86_64.whl", hash = "sha256:d9ac82be533394d341b41d78aca7ed0e0f4ba5a2231602e2f05aa87f25c51672"},
    {file = "MarkupSafe-1.1.0-cp37-cp37m-win32.whl", hash = "sha256:1c25694ca680b6919de53a4bb3bdd0602beafc63ff001fea2f2fc16ec3a11834"},
    {file = "MarkupSafe-1.1.0-cp37-cp37m-win_amd64.whl", hash = "sha256:7d263e5770efddf465a9e31b78362d84d015cc894ca2c131901a4445eaa61ee1"},
    {file = "MarkupSafe-1.1.0.tar.gz", hash = "sha256:4e97332c9ce444b0c2c38dd22ddc61c743eb208d916e4265a2a3b575bdccb1d3"},
]

[[package]]
name = "multidict"
version = "4.5.2"
description = "multidict implementation"
optional = false
python-versions = ">=3.4.1"
files = [
    {file = "multidict-4.5.2-cp34-cp34m-macosx_10_12_intel.macosx_10_12_x86_64.macosx_10_13_intel.macosx_10_13_x86_64.whl", hash = "sha256:068167c2d7bbeebd359665ac4fff756be5ffac9cda02375b5c5a7c4777038e73"},
    {file = "multidict-4.5.2-cp34-cp34m-macosx_10_6_intel.macosx_10_6_x86_64.macosx_10_7_intel.macosx_10_7_x86_64.macosx_10_8_intel.macosx_10_8_x86_64.whl", hash = "sha256:7c1b7eab7a49aa96f3db1f716f0113a8a2e93c7375dd3d5d21c4941f1405c9c5"},
    {file = "multidict-4.5.2-cp34-cp34m-macosx_10_9_intel.macosx_10_9_x86_64.macosx_10_10_intel.macosx_10_10_x86_64.macosx_10_11_intel.macosx_10_11_x86_64.whl", hash = "sha256:8ccd1c5fff1aa1427100ce188557fc31f1e0a383ad8ec42c559aabd4ff08802d"},
    {file = "multidict-4.5.2-cp34-cp34m-manylinux1_i686.whl", hash = "sha256:6a3a9b0f45fd75dc05d8e93dc21b18fc1670135ec9544d1ad4acbcf6b86781d0"},
    {file = "multidict-4.5.2-cp34-cp34m-manylinux1_x86_64.whl", hash = "sha256:31dfa2fc323097f8ad7acd41aa38d7c614dd1960ac6681745b6da124093dc351"},
    {file = "multidict-4.5.2-cp34-cp34m-win32.whl", hash = "sha256:8e08dd76de80539d613654915a2f5196dbccc67448df291e69a88712ea21e24a"},
    {file = "multidict-4.5.2-cp34-cp34m-win_amd64.whl", hash = "sha256:d1071414dd06ca2eafa90c85a079169bfeb0e5f57fd0b45d44c092546fcd6fd9"},
    {file = "multidict-4.5.2-cp35-cp35m-macosx_10_12_intel.macosx_10_12_x86_64.macosx_10_13_intel.macosx_10_13_x86_64.whl", hash = "sha256:1d1c77013a259971a72ddaa83b9f42c80a93ff12df6a4723be99d858fa30bee3"},
    {file = "multidict-4.5.2-cp35-cp35m-macosx_10_6_intel.macosx_10_6_x86_64.macosx_10_7_intel.macosx_10_7_x86_64.macosx_10_8_intel.macosx_10_8_x86_64.whl", hash = "sha256:3d5dd8e5998fb4ace04789d1d008e2bb532de501218519d70bb672c4c5a2fc5d"},
    {file = "multidict-4.5.2-cp35-cp35m-macosx_10_9_intel.macosx_10_9_x86_64.macosx_10_10_intel.macosx_10_10_x86_64.macosx_10_11_intel.macosx_10_11_x86_64.whl", hash = "sha256:7fc0eee3046041387cbace9314926aa48b681202f8897f8bff3809967a049036"},
    {file = "multidict-4.5.2-cp35-cp35m-manylinux1_i686.whl", hash = "sha256:041e9442b11409be5e4fc8b6a97e4bcead758ab1e11768d1e69160bdde18acc3"},
    {file = "multidict-4.5.2-cp35-cp35m-manylinux1_x86_64.whl", hash = "sha256:c49db89d602c24928e68c0d510f4fcf8989d77defd01c973d6cbe27e684833b1"},
    {file = "multidict-4.5.2-cp35-cp35m-win32.whl", hash = "sha256:34f82db7f80c49f38b032c5abb605c458bac997a6c3142e0d6c130be6fb2b941"},
    {file = "multidict-4.5.2-cp35-cp35m-win_amd64.whl", hash = "sha256:5de53a28f40ef3c4fd57aeab6b590c2c663de87a5af76136ced519923d3efbb3"},
    {file = "multidict-4.5.2-cp36-cp36m-macosx_10_12_intel.macosx_10_12_x86_64.macosx_10_13_intel.macosx_10_13_x86_64.whl", hash = "sha256:db603a1c235d110c860d5f39988ebc8218ee028f07a7cbc056ba6424372ca31b"},
    {file = "multidict-4.5.2-cp36-cp36m-macosx_10_6_intel.macosx_10_6_x86_64.macosx_10_7_intel.macosx_10_7_x86_64.macosx_10_8_intel.macosx_10_8_x86_64.whl", hash = "sha256:ce20044d0317649ddbb4e54dab3c1bcc7483c78c27d3f58ab3d0c7e6bc60d26a"},
    {file = "multidict-4.5.2-cp36-cp36m-macosx_10_9_intel.macosx_10_9_x86_64.macosx_10_10_intel.macosx_10_10_x86_64.macosx_10_11_intel.macosx_10_11_x86_64.whl", hash = "sha256:4b843f8e1dd6a3195679d9838eb4670222e8b8d01bc36c9894d6c3538316fa0a"},
    {file = "multidict-4.5.2-cp36-cp36m-manylinux1_i686.whl", hash = "sha256:047c0a04e382ef8bd74b0de01407e8d8632d7d1b4db6f2561106af812a68741b"},
    {file = "multidict-4.5.2-cp36-cp36m-manylinux1_x86_64.whl", hash = "sha256:148ff60e0fffa2f5fad2eb25aae7bef23d8f3b8bdaf947a65cdbe84a978092bc"},
    {file = "multidict-4.5.2-cp36-cp36m-win32.whl", hash = "sha256:4b02a3b2a2f01d0490dd39321c74273fed0568568ea0e7ea23e02bd1fb10a10b"},
    {file = "multidict-4.5.2-cp36-cp36m-win_amd64.whl", hash = "sha256:d3be11ac43ab1a3e979dac80843b42226d5d3cccd3986f2e03152720a4297cd7"},
    {file = "multidict-4.5.2-cp37-cp37m-macosx_10_12_intel.macosx_10_12_x86_64.macosx_10_13_intel.macosx_10_13_x86_64.whl", hash = "sha256:1d48bc124a6b7a55006d97917f695effa9725d05abe8ee78fd60d6588b8344cd"},
    {file = "multidict-4.5.2-cp37-cp37m-macosx_10_6_intel.macosx_10_6_x86_64.macosx_10_7_intel.macosx_10_7_x86_64.macosx_10_8_intel.macosx_10_8_x86_64.whl", hash = "sha256:61b2b33ede821b94fa99ce0b09c9ece049c7067a33b279f343adfe35108a4ea7"},
    {file = "multidict-4.5.2-cp37-cp37m-macosx_10_9_intel.macosx_10_9_x86_64.macosx_10_10_intel.macosx_10_10_x86_64.macosx_10_11_intel.macosx_10_11_x86_64.whl", hash = "sha256:76ad8e4c69dadbb31bad17c16baee61c0d1a4a73bed2590b741b2e1a46d3edd0"},
    {file = "multidict-4.5.2-cp37-cp37m-manylinux1_i686.whl", hash = "sha256:7ba19b777dc00194d1b473180d4ca89a054dd18de27d0ee2e42a103ec9b7d014"},
    {file = "multidict-4.5.2-cp37-cp37m-manylinux1_x86_64.whl", hash = "sha256:c18498c50c59263841862ea0501da9f2b3659c00db54abfbf823a80787fde8ce"},
    {file = "multidict-4.5.2-cp37-cp37m-win32.whl", hash = "sha256:045b4dd0e5f6121e6f314d81759abd2c257db4634260abcfe0d3f7083c4908ef"},
    {file = "multidict-4.5.2-cp37-cp37m-win_amd64.whl", hash = "sha256:4a6ae52bd3ee41ee0f3acf4c60ceb3f44e0e3bc52ab7da1c2b2aa6703363a3d1"},
    {file = "multidict-4.5.2.tar.gz", hash = "sha256:024b8129695a952ebd93373e45b5d341dbb87c17ce49637b34000093f243dd4f"},
]

[[package]]
name = "psycopg2"
version = "2.9.5"
description = "psycopg2 - Python-PostgreSQL Database Adapter"
optional = false
python-versions = ">=3.6"
files = [
    {file = "psycopg2-2.9.5-cp310-cp310-win32.whl", hash = "sha256:d3ef67e630b0de0779c42912fe2cbae3805ebaba30cda27fea2a3de650a9414f"},
    {file = "psycopg2-2.9.5-cp310-cp310-win_amd64.whl", hash = "sha256:4cb9936316d88bfab614666eb9e32995e794ed0f8f6b3b718666c22819c1d7ee"},
    {file = "psycopg2-2.9.5-cp311-cp311-win32.whl", hash = "sha256:093e3894d2d3c592ab0945d9eba9d139c139664dcf83a1c440b8a7aa9bb21955"},
    {file = "psycopg2-2.9.5-cp311-cp311-win_amd64.whl", hash = "sha256:920bf418000dd17669d2904472efeab2b20546efd0548139618f8fa305d1d7ad"},
    {file = "psycopg2-2.9.5-cp36-cp36m-win32.whl", hash = "sha256:b9ac1b0d8ecc49e05e4e182694f418d27f3aedcfca854ebd6c05bb1cffa10d6d"},
    {file = "psycopg2-2.9.5-cp36-cp36m-win_amd64.whl", hash = "sha256:fc04dd5189b90d825509caa510f20d1d504761e78b8dfb95a0ede180f71d50e5"},
    {file = "psycopg2-2.9.5-cp37-cp37m-win32.whl", hash = "sha256:922cc5f0b98a5f2b1ff481f5551b95cd04580fd6f0c72d9b22e6c0145a4840e0"},
    {file = "psycopg2-2.9.5-cp37-cp37m-win_amd64.whl", hash = "sha256:1e5a38aa85bd660c53947bd28aeaafb6a97d70423606f1ccb044a03a1203fe4a"},
    {file = "psycopg2-2.9.5-cp38-cp38-win32.whl", hash = "sha256:f5b6320dbc3cf6cfb9f25308286f9f7ab464e65cfb105b64cc9c52831748ced2"},
    {file = "psycopg2-2.9.5-cp38-cp38-win_amd64.whl", hash = "sha256:1a5c7d7d577e0eabfcf15eb87d1e19314c8c4f0e722a301f98e0e3a65e238b4e"},
    {file = "psycopg2-2.9.5-cp39-cp39-win32.whl", hash = "sha256:322fd5fca0b1113677089d4ebd5222c964b1760e361f151cbb2706c4912112c5"},
    {file = "psycopg2-2.9.5-cp39-cp39-win_amd64.whl", hash = "sha256:190d51e8c1b25a47484e52a79638a8182451d6f6dff99f26ad9bd81e5359a0fa"},
    {file = "psycopg2-2.9.5.tar.gz", hash = "sha256:a5246d2e683a972e2187a8714b5c2cf8156c064629f9a9b1a873c1730d9e245a"},
]

[[package]]
name = "pyyaml"
version = "3.13"
description = "YAML parser and emitter for Python"
optional = false
python-versions = "*"
files = [
    {file = "PyYAML-3.13-cp27-cp27m-win32.whl", hash = "sha256:d5eef459e30b09f5a098b9cea68bebfeb268697f78d647bd255a085371ac7f3f"},
    {file = "PyYAML-3.13-cp27-cp27m-win_amd64.whl", hash = "sha256:e01d3203230e1786cd91ccfdc8f8454c8069c91bee3962ad93b87a4b2860f537"},
    {file = "PyYAML-3.13-cp34-cp34m-win32.whl", hash = "sha256:558dd60b890ba8fd982e05941927a3911dc409a63dcb8b634feaa0cda69330d3"},
    {file = "PyYAML-3.13-cp34-cp34m-win_amd64.whl", hash = "sha256:d46d7982b62e0729ad0175a9bc7e10a566fc07b224d2c79fafb5e032727eaa04"},
    {file = "PyYAML-3.13-cp35-cp35m-win32.whl", hash = "sha256:a7c28b45d9f99102fa092bb213aa12e0aaf9a6a1f5e395d36166639c1f96c3a1"},
    {file = "PyYAML-3.13-cp35-cp35m-win_amd64.whl", hash = "sha256:bc558586e6045763782014934bfaf39d48b8ae85a2713117d16c39864085c613"},
    {file = "PyYAML-3.13-cp36-cp36m-win32.whl", hash = "sha256:40c71b8e076d0550b2e6380bada1f1cd1017b882f7e16f09a65be98e017f211a"},
    {file = "PyYAML-3.13-cp36-cp36m-win_amd64.whl", hash = "sha256:3d7da3009c0f3e783b2c873687652d83b1bbfd5c88e9813fb7e5b03c0dd3108b"},
    {file = "PyYAML-3.13-cp37-cp37m-win32.whl", hash = "sha256:e170a9e6fcfd19021dd29845af83bb79236068bf5fd4df3327c1be18182b2531"},
    {file = "PyYAML-3.13-cp37-cp37m-win_amd64.whl", hash = "sha256:aa7dd4a6a427aed7df6fb7f08a580d68d9b118d90310374716ae90b710280af1"},
    {file = "PyYAML-3.13.tar.gz", hash = "sha256:3ef3092145e9b70e3ddd2c7ad59bdd0252a94dfe3949721633e41344de00a6bf"},
]

[[package]]
name = "trafaret"
version = "1.2.0"
description = "Validation and parsing library"
optional = false
python-versions = "*"
files = [
    {file = "trafaret-1.2.0-py3-none-any.whl", hash = "sha256:ddff074bbcced5c83a55f2032eaf465e0e00d597fb7bd8916cbe15c223f1db3c"},
    {file = "trafaret-1.2.0.tar.gz", hash = "sha256:3045f5b4f9634928e7dd66db0ce9fcfef5a075935bb54c6a1f476b62c62abdb4"},
]

[package.extras]
objectid = ["pymongo (>=2.4.1)"]
rfc3339 = ["python-dateutil (>=1.5)"]

[[package]]
name = "trafaret-config"
version = "2.0.2"
description = "A configuration library for python using trafaret and yaml"
optional = false
python-versions = "*"
files = [
    {file = "trafaret-config-2.0.2.tar.gz", hash = "sha256:440b6b49e5e975f9a640a2519abb2feddd96eb2aeb1715f87f947a7a079f20be"},
]

[package.dependencies]
PyYaml = "*"
trafaret = "*"

[[package]]
name = "yarl"
version = "1.3.0"
description = "Yet another URL library"
optional = false
python-versions = ">=3.5.3"
files = [
    {file = "yarl-1.3.0-cp35-cp35m-manylinux1_i686.whl", hash = "sha256:3e2724eb9af5dc41648e5bb304fcf4891adc33258c6e14e2a7414ea32541e320"},
    {file = "yarl-1.3.0-cp35-cp35m-manylinux1_x86_64.whl", hash = "sha256:3890ab952d508523ef4881457c4099056546593fa05e93da84c7250516e632eb"},
    {file = "yarl-1.3.0-cp35-cp35m-win32.whl", hash = "sha256:7ab825726f2940c16d92aaec7d204cfc34ac26c0040da727cf8ba87255a33829"},
    {file = "yarl-1.3.0-cp35-cp35m-win_amd64.whl", hash = "sha256:b25de84a8c20540531526dfbb0e2d2b648c13fd5dd126728c496d7c3fea33310"},
    {file = "yarl-1.3.0-cp36-cp36m-manylinux1_i686.whl", hash = "sha256:2f3010703295fbe1aec51023740871e64bb9664c789cba5a6bdf404e93f7568f"},
    {file = "yarl-1.3.0-cp36-cp36m-manylinux1_x86_64.whl", hash = "sha256:5badb97dd0abf26623a9982cd448ff12cb39b8e4c94032ccdedf22ce01a64842"},
    {file = "yarl-1.3.0-cp36-cp36m-win32.whl", hash = "sha256:c9bb7c249c4432cd47e75af3864bc02d26c9594f49c82e2a28624417f0ae63b8"},
    {file = "yarl-1.3.0-cp36-cp36m-win_amd64.whl", hash = "sha256:c6e341f5a6562af74ba55205dbd56d248daf1b5748ec48a0200ba227bb9e33f4"},
    {file = "yarl-1.3.0-cp37-cp37m-win32.whl", hash = "sha256:e060906c0c585565c718d1c3841747b61c5439af2211e185f6739a9412dfbde1"},
    {file = "yarl-1.3.0-cp37-cp37m-win_amd64.whl", hash = "sha256:73f447d11b530d860ca1e6b582f947688286ad16ca42256413083d13f260b7a0"},
    {file = "yarl-1.3.0.tar.gz", hash = "sha256:024ecdc12bc02b321bc66b41327f930d1c2c543fa9a561b39861da9388ba7aa9"},
]

[package.dependencies]
idna = ">=2.0"
multidict = ">=4.0"

[metadata]
lock-version = "2.0"
python-versions = "^3.8"
content-hash = "0543609c555cd16ab35c9e37e85d93ec87250a7a3fc0b460f0f1da9d602c3970"
